
Microsoft Visual Studio Solution File, Format Version 12.00
Project("{2150E333-8FDC-42A3-9474-1A3956D46DE8}") = "src", "src", "{092DCB5F-C5A8-4583-B721-2AAC6740A072}"
EndProject
Project("{2150E333-8FDC-42A3-9474-1A3956D46DE8}") = "tests", "tests", "{EB0499C5-C492-4CF9-949E-8257EAC1C463}"
EndProject
Project("{FAE04EC0-301F-11D3-BF4B-00C04F79EFBC}") = "API", "src\API\API.csproj", "{A8EAC81D-9B42-4FF4-9CD6-1E8CD0C8045F}"
EndProject
Project("{FAE04EC0-301F-11D3-BF4B-00C04F79EFBC}") = "Domain", "src\Domain\Domain.csproj", "{6AB54260-892E-4DEB-A10F-7E9A02E71D78}"
EndProject
Project("{FAE04EC0-301F-11D3-BF4B-00C04F79EFBC}") = "Infrastructure", "src\Infrastructure\Infrastructure.csproj", "{F03C1D44-4DDB-4199-BF59-250365652349}"
EndProject
Project("{FAE04EC0-301F-11D3-BF4B-00C04F79EFBC}") = "Infrastructure.Data", "src\Infrastructure.Data\Infrastructure.Data.csproj", "{3E21D1C6-FB4D-4C99-9436-39549A32D7EB}"
EndProject
Project("{FAE04EC0-301F-11D3-BF4B-00C04F79EFBC}") = "Application", "src\Application\Application.csproj", "{D3FC55EE-B73E-4F8C-B42F-4BAABAEDFAA6}"
EndProject
Project("{FAE04EC0-301F-11D3-BF4B-00C04F79EFBC}") = "Presentation", "src\Presentation\Presentation.csproj", "{73022BAA-60E0-4FD5-B28D-78E012058F89}"
EndProject
Global
	GlobalSection(SolutionConfigurationPlatforms) = preSolution
		Debug|Any CPU = Debug|Any CPU
		Release|Any CPU = Release|Any CPU
	EndGlobalSection
	GlobalSection(NestedProjects) = preSolution
		{A8EAC81D-9B42-4FF4-9CD6-1E8CD0C8045F} = {092DCB5F-C5A8-4583-B721-2AAC6740A072}
		{6AB54260-892E-4DEB-A10F-7E9A02E71D78} = {092DCB5F-C5A8-4583-B721-2AAC6740A072}
		{F03C1D44-4DDB-4199-BF59-250365652349} = {092DCB5F-C5A8-4583-B721-2AAC6740A072}
		{3E21D1C6-FB4D-4C99-9436-39549A32D7EB} = {092DCB5F-C5A8-4583-B721-2AAC6740A072}
		{D3FC55EE-B73E-4F8C-B42F-4BAABAEDFAA6} = {092DCB5F-C5A8-4583-B721-2AAC6740A072}
		{73022BAA-60E0-4FD5-B28D-78E012058F89} = {092DCB5F-C5A8-4583-B721-2AAC6740A072}
	EndGlobalSection
	GlobalSection(ProjectConfigurationPlatforms) = postSolution
		{A8EAC81D-9B42-4FF4-9CD6-1E8CD0C8045F}.Debug|Any CPU.ActiveCfg = Debug|Any CPU
		{A8EAC81D-9B42-4FF4-9CD6-1E8CD0C8045F}.Debug|Any CPU.Build.0 = Debug|Any CPU
		{A8EAC81D-9B42-4FF4-9CD6-1E8CD0C8045F}.Release|Any CPU.ActiveCfg = Release|Any CPU
		{A8EAC81D-9B42-4FF4-9CD6-1E8CD0C8045F}.Release|Any CPU.Build.0 = Release|Any CPU
		{6AB54260-892E-4DEB-A10F-7E9A02E71D78}.Debug|Any CPU.ActiveCfg = Debug|Any CPU
		{6AB54260-892E-4DEB-A10F-7E9A02E71D78}.Debug|Any CPU.Build.0 = Debug|Any CPU
		{6AB54260-892E-4DEB-A10F-7E9A02E71D78}.Release|Any CPU.ActiveCfg = Release|Any CPU
		{6AB54260-892E-4DEB-A10F-7E9A02E71D78}.Release|Any CPU.Build.0 = Release|Any CPU
		{F03C1D44-4DDB-4199-BF59-250365652349}.Debug|Any CPU.ActiveCfg = Debug|Any CPU
		{F03C1D44-4DDB-4199-BF59-250365652349}.Debug|Any CPU.Build.0 = Debug|Any CPU
		{F03C1D44-4DDB-4199-BF59-250365652349}.Release|Any CPU.ActiveCfg = Release|Any CPU
		{F03C1D44-4DDB-4199-BF59-250365652349}.Release|Any CPU.Build.0 = Release|Any CPU
		{3E21D1C6-FB4D-4C99-9436-39549A32D7EB}.Debug|Any CPU.ActiveCfg = Debug|Any CPU
		{3E21D1C6-FB4D-4C99-9436-39549A32D7EB}.Debug|Any CPU.Build.0 = Debug|Any CPU
		{3E21D1C6-FB4D-4C99-9436-39549A32D7EB}.Release|Any CPU.ActiveCfg = Release|Any CPU
		{3E21D1C6-FB4D-4C99-9436-39549A32D7EB}.Release|Any CPU.Build.0 = Release|Any CPU
		{D3FC55EE-B73E-4F8C-B42F-4BAABAEDFAA6}.Debug|Any CPU.ActiveCfg = Debug|Any CPU
		{D3FC55EE-B73E-4F8C-B42F-4BAABAEDFAA6}.Debug|Any CPU.Build.0 = Debug|Any CPU
		{D3FC55EE-B73E-4F8C-B42F-4BAABAEDFAA6}.Release|Any CPU.ActiveCfg = Release|Any CPU
		{D3FC55EE-B73E-4F8C-B42F-4BAABAEDFAA6}.Release|Any CPU.Build.0 = Release|Any CPU
		{73022BAA-60E0-4FD5-B28D-78E012058F89}.Debug|Any CPU.ActiveCfg = Debug|Any CPU
		{73022BAA-60E0-4FD5-B28D-78E012058F89}.Debug|Any CPU.Build.0 = Debug|Any CPU
		{73022BAA-60E0-4FD5-B28D-78E012058F89}.Release|Any CPU.ActiveCfg = Release|Any CPU
		{73022BAA-60E0-4FD5-B28D-78E012058F89}.Release|Any CPU.Build.0 = Release|Any CPU
	EndGlobalSection
EndGlobal
