
Microsoft Visual Studio Solution File, Format Version 12.00
Project("{2150E333-8FDC-42A3-9474-1A3956D46DE8}") = "src", "src", "{092DCB5F-C5A8-4583-B721-2AAC6740A072}"
EndProject
Project("{2150E333-8FDC-42A3-9474-1A3956D46DE8}") = "tests", "tests", "{EB0499C5-C492-4CF9-949E-8257EAC1C463}"
EndProject
Project("{FAE04EC0-301F-11D3-BF4B-00C04F79EFBC}") = "API", "src\API\API.csproj", "{A8EAC81D-9B42-4FF4-9CD6-1E8CD0C8045F}"
EndProject
Project("{FAE04EC0-301F-11D3-BF4B-00C04F79EFBC}") = "Contracts", "src\Contracts\Contracts.csproj", "{12CB6919-6E29-414D-8DEE-7EFF2E131FAD}"
EndProject
Project("{FAE04EC0-301F-11D3-BF4B-00C04F79EFBC}") = "LoggerService", "src\LoggerService\LoggerService.csproj", "{902C7D3C-8B65-4AF2-B57C-AB36D721C3F7}"
EndProject
Project("{FAE04EC0-301F-11D3-BF4B-00C04F79EFBC}") = "Domain", "src\Domain\Domain.csproj", "{6AB54260-892E-4DEB-A10F-7E9A02E71D78}"
EndProject
Project("{FAE04EC0-301F-11D3-BF4B-00C04F79EFBC}") = "Infrastructure", "src\Infrastructure\Infrastructure.csproj", "{F03C1D44-4DDB-4199-BF59-250365652349}"
EndProject
Project("{FAE04EC0-301F-11D3-BF4B-00C04F79EFBC}") = "Infrastructure.Data", "src\Infrastructure.Data\Infrastructure.Data.csproj", "{3E21D1C6-FB4D-4C99-9436-39549A32D7EB}"
EndProject
Global
	GlobalSection(SolutionConfigurationPlatforms) = preSolution
		Debug|Any CPU = Debug|Any CPU
		Release|Any CPU = Release|Any CPU
	EndGlobalSection
	GlobalSection(NestedProjects) = preSolution
		{A8EAC81D-9B42-4FF4-9CD6-1E8CD0C8045F} = {092DCB5F-C5A8-4583-B721-2AAC6740A072}
		{12CB6919-6E29-414D-8DEE-7EFF2E131FAD} = {092DCB5F-C5A8-4583-B721-2AAC6740A072}
		{902C7D3C-8B65-4AF2-B57C-AB36D721C3F7} = {092DCB5F-C5A8-4583-B721-2AAC6740A072}
		{6AB54260-892E-4DEB-A10F-7E9A02E71D78} = {092DCB5F-C5A8-4583-B721-2AAC6740A072}
		{F03C1D44-4DDB-4199-BF59-250365652349} = {092DCB5F-C5A8-4583-B721-2AAC6740A072}
		{3E21D1C6-FB4D-4C99-9436-39549A32D7EB} = {092DCB5F-C5A8-4583-B721-2AAC6740A072}
	EndGlobalSection
	GlobalSection(ProjectConfigurationPlatforms) = postSolution
		{A8EAC81D-9B42-4FF4-9CD6-1E8CD0C8045F}.Debug|Any CPU.ActiveCfg = Debug|Any CPU
		{A8EAC81D-9B42-4FF4-9CD6-1E8CD0C8045F}.Debug|Any CPU.Build.0 = Debug|Any CPU
		{A8EAC81D-9B42-4FF4-9CD6-1E8CD0C8045F}.Release|Any CPU.ActiveCfg = Release|Any CPU
		{A8EAC81D-9B42-4FF4-9CD6-1E8CD0C8045F}.Release|Any CPU.Build.0 = Release|Any CPU
		{12CB6919-6E29-414D-8DEE-7EFF2E131FAD}.Debug|Any CPU.ActiveCfg = Debug|Any CPU
		{12CB6919-6E29-414D-8DEE-7EFF2E131FAD}.Debug|Any CPU.Build.0 = Debug|Any CPU
		{12CB6919-6E29-414D-8DEE-7EFF2E131FAD}.Release|Any CPU.ActiveCfg = Release|Any CPU
		{12CB6919-6E29-414D-8DEE-7EFF2E131FAD}.Release|Any CPU.Build.0 = Release|Any CPU
		{902C7D3C-8B65-4AF2-B57C-AB36D721C3F7}.Debug|Any CPU.ActiveCfg = Debug|Any CPU
		{902C7D3C-8B65-4AF2-B57C-AB36D721C3F7}.Debug|Any CPU.Build.0 = Debug|Any CPU
		{902C7D3C-8B65-4AF2-B57C-AB36D721C3F7}.Release|Any CPU.ActiveCfg = Release|Any CPU
		{902C7D3C-8B65-4AF2-B57C-AB36D721C3F7}.Release|Any CPU.Build.0 = Release|Any CPU
		{6AB54260-892E-4DEB-A10F-7E9A02E71D78}.Debug|Any CPU.ActiveCfg = Debug|Any CPU
		{6AB54260-892E-4DEB-A10F-7E9A02E71D78}.Debug|Any CPU.Build.0 = Debug|Any CPU
		{6AB54260-892E-4DEB-A10F-7E9A02E71D78}.Release|Any CPU.ActiveCfg = Release|Any CPU
		{6AB54260-892E-4DEB-A10F-7E9A02E71D78}.Release|Any CPU.Build.0 = Release|Any CPU
		{F03C1D44-4DDB-4199-BF59-250365652349}.Debug|Any CPU.ActiveCfg = Debug|Any CPU
		{F03C1D44-4DDB-4199-BF59-250365652349}.Debug|Any CPU.Build.0 = Debug|Any CPU
		{F03C1D44-4DDB-4199-BF59-250365652349}.Release|Any CPU.ActiveCfg = Release|Any CPU
		{F03C1D44-4DDB-4199-BF59-250365652349}.Release|Any CPU.Build.0 = Release|Any CPU
		{3E21D1C6-FB4D-4C99-9436-39549A32D7EB}.Debug|Any CPU.ActiveCfg = Debug|Any CPU
		{3E21D1C6-FB4D-4C99-9436-39549A32D7EB}.Debug|Any CPU.Build.0 = Debug|Any CPU
		{3E21D1C6-FB4D-4C99-9436-39549A32D7EB}.Release|Any CPU.ActiveCfg = Release|Any CPU
		{3E21D1C6-FB4D-4C99-9436-39549A32D7EB}.Release|Any CPU.Build.0 = Release|Any CPU
	EndGlobalSection
EndGlobal
